// !$*UTF8*$!
{
	archiveVersion = 1;
	classes = {
	};
	objectVersion = 46;
	objects = {

/* Begin PBXBuildFile section */
		9825A6B61CFBF20D006533DB /* main.m in Sources */ = {isa = PBXBuildFile; fileRef = 9825A6B51CFBF20D006533DB /* main.m */; };
		9825A6B91CFBF20D006533DB /* AppDelegate.m in Sources */ = {isa = PBXBuildFile; fileRef = 9825A6B81CFBF20D006533DB /* AppDelegate.m */; };
		9825A6BC1CFBF20D006533DB /* ViewController.m in Sources */ = {isa = PBXBuildFile; fileRef = 9825A6BB1CFBF20D006533DB /* ViewController.m */; };
		9825A6BF1CFBF20D006533DB /* Main.storyboard in Resources */ = {isa = PBXBuildFile; fileRef = 9825A6BD1CFBF20D006533DB /* Main.storyboard */; };
		9825A6C11CFBF20D006533DB /* Assets.xcassets in Resources */ = {isa = PBXBuildFile; fileRef = 9825A6C01CFBF20D006533DB /* Assets.xcassets */; };
		9825A6C41CFBF20D006533DB /* LaunchScreen.storyboard in Resources */ = {isa = PBXBuildFile; fileRef = 9825A6C21CFBF20D006533DB /* LaunchScreen.storyboard */; };
		9825A6CF1CFBF20D006533DB /* pageControllDemoTests.m in Sources */ = {isa = PBXBuildFile; fileRef = 9825A6CE1CFBF20D006533DB /* pageControllDemoTests.m */; };
		9825A6DA1CFBF20D006533DB /* pageControllDemoUITests.m in Sources */ = {isa = PBXBuildFile; fileRef = 9825A6D91CFBF20D006533DB /* pageControllDemoUITests.m */; };
/* End PBXBuildFile section */

/* Begin PBXContainerItemProxy section */
		9825A6CB1CFBF20D006533DB /* PBXContainerItemProxy */ = {
			isa = PBXContainerItemProxy;
			containerPortal = 9825A6A91CFBF20D006533DB /* Project object */;
			proxyType = 1;
			remoteGlobalIDString = 9825A6B01CFBF20D006533DB;
			remoteInfo = pageControllDemo;
		};
		9825A6D61CFBF20D006533DB /* PBXContainerItemProxy */ = {
			isa = PBXContainerItemProxy;
			containerPortal = 9825A6A91CFBF20D006533DB /* Project object */;
			proxyType = 1;
			remoteGlobalIDString = 9825A6B01CFBF20D006533DB;
			remoteInfo = pageControllDemo;
		};
/* End PBXContainerItemProxy section */

/* Begin PBXFileReference section */
		9825A6B11CFBF20D006533DB /* pageControllDemo.app */ = {isa = PBXFileReference; explicitFileType = wrapper.application; includeInIndex = 0; path = pageControllDemo.app; sourceTree = BUILT_PRODUCTS_DIR; };
		9825A6B51CFBF20D006533DB /* main.m */ = {isa = PBXFileReference; lastKnownFileType = sourcecode.c.objc; path = main.m; sourceTree = "<group>"; };
		9825A6B71CFBF20D006533DB /* AppDelegate.h */ = {isa = PBXFileReference; lastKnownFileType = sourcecode.c.h; path = AppDelegate.h; sourceTree = "<group>"; };
		9825A6B81CFBF20D006533DB /* AppDelegate.m */ = {isa = PBXFileReference; lastKnownFileType = sourcecode.c.objc; path = AppDelegate.m; sourceTree = "<group>"; };
		9825A6BA1CFBF20D006533DB /* ViewController.h */ = {isa = PBXFileReference; lastKnownFileType = sourcecode.c.h; path = ViewController.h; sourceTree = "<group>"; };
		9825A6BB1CFBF20D006533DB /* ViewController.m */ = {isa = PBXFileReference; lastKnownFileType = sourcecode.c.objc; path = ViewController.m; sourceTree = "<group>"; };
		9825A6BE1CFBF20D006533DB /* Base */ = {isa = PBXFileReference; lastKnownFileType = file.storyboard; name = Base; path = Base.lproj/Main.storyboard; sourceTree = "<group>"; };
		9825A6C01CFBF20D006533DB /* Assets.xcassets */ = {isa = PBXFileReference; lastKnownFileType = folder.assetcatalog; path = Assets.xcassets; sourceTree = "<group>"; };
		9825A6C31CFBF20D006533DB /* Base */ = {isa = PBXFileReference; lastKnownFileType = file.storyboard; name = Base; path = Base.lproj/LaunchScreen.storyboard; sourceTree = "<group>"; };
		9825A6C51CFBF20D006533DB /* Info.plist */ = {isa = PBXFileReference; lastKnownFileType = text.plist.xml; path = Info.plist; sourceTree = "<group>"; };
		9825A6CA1CFBF20D006533DB /* pageControllDemoTests.xctest */ = {isa = PBXFileReference; explicitFileType = wrapper.cfbundle; includeInIndex = 0; path = pageControllDemoTests.xctest; sourceTree = BUILT_PRODUCTS_DIR; };
		9825A6CE1CFBF20D006533DB /* pageControllDemoTests.m */ = {isa = PBXFileReference; lastKnownFileType = sourcecode.c.objc; path = pageControllDemoTests.m; sourceTree = "<group>"; };
		9825A6D01CFBF20D006533DB /* Info.plist */ = {isa = PBXFileReference; lastKnownFileType = text.plist.xml; path = Info.plist; sourceTree = "<group>"; };
		9825A6D51CFBF20D006533DB /* pageControllDemoUITests.xctest */ = {isa = PBXFileReference; explicitFileType = wrapper.cfbundle; includeInIndex = 0; path = pageControllDemoUITests.xctest; sourceTree = BUILT_PRODUCTS_DIR; };
		9825A6D91CFBF20D006533DB /* pageControllDemoUITests.m */ = {isa = PBXFileReference; lastKnownFileType = sourcecode.c.objc; path = pageControllDemoUITests.m; sourceTree = "<group>"; };
		9825A6DB1CFBF20D006533DB /* Info.plist */ = {isa = PBXFileReference; lastKnownFileType = text.plist.xml; path = Info.plist; sourceTree = "<group>"; };
/* End PBXFileReference section */

/* Begin PBXFrameworksBuildPhase section */
		9825A6AE1CFBF20D006533DB /* Frameworks */ = {
			isa = PBXFrameworksBuildPhase;
			buildActionMask = 2147483647;
			files = (
			);
			runOnlyForDeploymentPostprocessing = 0;
		};
		9825A6C71CFBF20D006533DB /* Frameworks */ = {
			isa = PBXFrameworksBuildPhase;
			buildActionMask = 2147483647;
			files = (
			);
			runOnlyForDeploymentPostprocessing = 0;
		};
		9825A6D21CFBF20D006533DB /* Frameworks */ = {
			isa = PBXFrameworksBuildPhase;
			buildActionMask = 2147483647;
			files = (
			);
			runOnlyForDeploymentPostprocessing = 0;
		};
/* End PBXFrameworksBuildPhase section */

/* Begin PBXGroup section */
		9825A6A81CFBF20D006533DB = {
			isa = PBXGroup;
			children = (
				9825A6B31CFBF20D006533DB /* pageControllDemo */,
				9825A6CD1CFBF20D006533DB /* pageControllDemoTests */,
				9825A6D81CFBF20D006533DB /* pageControllDemoUITests */,
				9825A6B21CFBF20D006533DB /* Products */,
			);
			sourceTree = "<group>";
		};
		9825A6B21CFBF20D006533DB /* Products */ = {
			isa = PBXGroup;
			children = (
				9825A6B11CFBF20D006533DB /* pageControllDemo.app */,
				9825A6CA1CFBF20D006533DB /* pageControllDemoTests.xctest */,
				9825A6D51CFBF20D006533DB /* pageControllDemoUITests.xctest */,
			);
			name = Products;
			sourceTree = "<group>";
		};
		9825A6B31CFBF20D006533DB /* pageControllDemo */ = {
			isa = PBXGroup;
			children = (
				9825A6B71CFBF20D006533DB /* AppDelegate.h */,
				9825A6B81CFBF20D006533DB /* AppDelegate.m */,
				9825A6BA1CFBF20D006533DB /* ViewController.h */,
				9825A6BB1CFBF20D006533DB /* ViewController.m */,
				9825A6BD1CFBF20D006533DB /* Main.storyboard */,
				9825A6C01CFBF20D006533DB /* Assets.xcassets */,
				9825A6C21CFBF20D006533DB /* LaunchScreen.storyboard */,
				9825A6C51CFBF20D006533DB /* Info.plist */,
				9825A6B41CFBF20D006533DB /* Supporting Files */,
			);
			path = pageControllDemo;
			sourceTree = "<group>";
		};
		9825A6B41CFBF20D006533DB /* Supporting Files */ = {
			isa = PBXGroup;
			children = (
				9825A6B51CFBF20D006533DB /* main.m */,
			);
			name = "Supporting Files";
			sourceTree = "<group>";
		};
		9825A6CD1CFBF20D006533DB /* pageControllDemoTests */ = {
			isa = PBXGroup;
			children = (
				9825A6CE1CFBF20D006533DB /* pageControllDemoTests.m */,
				9825A6D01CFBF20D006533DB /* Info.plist */,
			);
			path = pageControllDemoTests;
			sourceTree = "<group>";
		};
		9825A6D81CFBF20D006533DB /* pageControllDemoUITests */ = {
			isa = PBXGroup;
			children = (
				9825A6D91CFBF20D006533DB /* pageControllDemoUITests.m */,
				9825A6DB1CFBF20D006533DB /* Info.plist */,
			);
			path = pageControllDemoUITests;
			sourceTree = "<group>";
		};
/* End PBXGroup section */

/* Begin PBXNativeTarget section */
		9825A6B01CFBF20D006533DB /* pageControllDemo */ = {
			isa = PBXNativeTarget;
			buildConfigurationList = 9825A6DE1CFBF20D006533DB /* Build configuration list for PBXNativeTarget "pageControllDemo" */;
			buildPhases = (
				9825A6AD1CFBF20D006533DB /* Sources */,
				9825A6AE1CFBF20D006533DB /* Frameworks */,
				9825A6AF1CFBF20D006533DB /* Resources */,
			);
			buildRules = (
			);
			dependencies = (
			);
			name = pageControllDemo;
			productName = pageControllDemo;
			productReference = 9825A6B11CFBF20D006533DB /* pageControllDemo.app */;
			productType = "com.apple.product-type.application";
		};
		9825A6C91CFBF20D006533DB /* pageControllDemoTests */ = {
			isa = PBXNativeTarget;
			buildConfigurationList = 9825A6E11CFBF20D006533DB /* Build configuration list for PBXNativeTarget "pageControllDemoTests" */;
			buildPhases = (
				9825A6C61CFBF20D006533DB /* Sources */,
				9825A6C71CFBF20D006533DB /* Frameworks */,
				9825A6C81CFBF20D006533DB /* Resources */,
			);
			buildRules = (
			);
			dependencies = (
				9825A6CC1CFBF20D006533DB /* PBXTargetDependency */,
			);
			name = pageControllDemoTests;
			productName = pageControllDemoTests;
			productReference = 9825A6CA1CFBF20D006533DB /* pageControllDemoTests.xctest */;
			productType = "com.apple.product-type.bundle.unit-test";
		};
		9825A6D41CFBF20D006533DB /* pageControllDemoUITests */ = {
			isa = PBXNativeTarget;
			buildConfigurationList = 9825A6E41CFBF20D006533DB /* Build configuration list for PBXNativeTarget "pageControllDemoUITests" */;
			buildPhases = (
				9825A6D11CFBF20D006533DB /* Sources */,
				9825A6D21CFBF20D006533DB /* Frameworks */,
				9825A6D31CFBF20D006533DB /* Resources */,
			);
			buildRules = (
			);
			dependencies = (
				9825A6D71CFBF20D006533DB /* PBXTargetDependency */,
			);
			name = pageControllDemoUITests;
			productName = pageControllDemoUITests;
			productReference = 9825A6D51CFBF20D006533DB /* pageControllDemoUITests.xctest */;
			productType = "com.apple.product-type.bundle.ui-testing";
		};
/* End PBXNativeTarget section */

/* Begin PBXProject section */
		9825A6A91CFBF20D006533DB /* Project object */ = {
			isa = PBXProject;
			attributes = {
				LastUpgradeCheck = 0730;
				ORGANIZATIONNAME = mountainKing;
				TargetAttributes = {
					9825A6B01CFBF20D006533DB = {
						CreatedOnToolsVersion = 7.3.1;
					};
					9825A6C91CFBF20D006533DB = {
						CreatedOnToolsVersion = 7.3.1;
						TestTargetID = 9825A6B01CFBF20D006533DB;
					};
					9825A6D41CFBF20D006533DB = {
						CreatedOnToolsVersion = 7.3.1;
						TestTargetID = 9825A6B01CFBF20D006533DB;
					};
				};
			};
			buildConfigurationList = 9825A6AC1CFBF20D006533DB /* Build configuration list for PBXProject "pageControllDemo" */;
			compatibilityVersion = "Xcode 3.2";
			developmentRegion = English;
			hasScannedForEncodings = 0;
			knownRegions = (
				en,
				Base,
			);
			mainGroup = 9825A6A81CFBF20D006533DB;
			productRefGroup = 9825A6B21CFBF20D006533DB /* Products */;
			projectDirPath = "";
			projectRoot = "";
			targets = (
				9825A6B01CFBF20D006533DB /* pageControllDemo */,
				9825A6C91CFBF20D006533DB /* pageControllDemoTests */,
				9825A6D41CFBF20D006533DB /* pageControllDemoUITests */,
			);
		};
/* End PBXProject section */

/* Begin PBXResourcesBuildPhase section */
		9825A6AF1CFBF20D006533DB /* Resources */ = {
			isa = PBXResourcesBuildPhase;
			buildActionMask = 2147483647;
			files = (
				9825A6C41CFBF20D006533DB /* LaunchScreen.storyboard in Resources */,
				9825A6C11CFBF20D006533DB /* Assets.xcassets in Resources */,
				9825A6BF1CFBF20D006533DB /* Main.storyboard in Resources */,
			);
			runOnlyForDeploymentPostprocessing = 0;
		};
		9825A6C81CFBF20D006533DB /* Resources */ = {
			isa = PBXResourcesBuildPhase;
			buildActionMask = 2147483647;
			files = (
			);
			runOnlyForDeploymentPostprocessing = 0;
		};
		9825A6D31CFBF20D006533DB /* Resources */ = {
			isa = PBXResourcesBuildPhase;
			buildActionMask = 2147483647;
			files = (
			);
			runOnlyForDeploymentPostprocessing = 0;
		};
/* End PBXResourcesBuildPhase section */

/* Begin PBXSourcesBuildPhase section */
		9825A6AD1CFBF20D006533DB /* Sources */ = {
			isa = PBXSourcesBuildPhase;
			buildActionMask = 2147483647;
			files = (
				9825A6BC1CFBF20D006533DB /* ViewController.m in Sources */,
				9825A6B91CFBF20D006533DB /* AppDelegate.m in Sources */,
				9825A6B61CFBF20D006533DB /* main.m in Sources */,
			);
			runOnlyForDeploymentPostprocessing = 0;
		};
		9825A6C61CFBF20D006533DB /* Sources */ = {
			isa = PBXSourcesBuildPhase;
			buildActionMask = 2147483647;
			files = (
				9825A6CF1CFBF20D006533DB /* pageControllDemoTests.m in Sources */,
			);
			runOnlyForDeploymentPostprocessing = 0;
		};
		9825A6D11CFBF20D006533DB /* Sources */ = {
			isa = PBXSourcesBuildPhase;
			buildActionMask = 2147483647;
			files = (
				9825A6DA1CFBF20D006533DB /* pageControllDemoUITests.m in Sources */,
			);
			runOnlyForDeploymentPostprocessing = 0;
		};
/* End PBXSourcesBuildPhase section */

/* Begin PBXTargetDependency section */
		9825A6CC1CFBF20D006533DB /* PBXTargetDependency */ = {
			isa = PBXTargetDependency;
			target = 9825A6B01CFBF20D006533DB /* pageControllDemo */;
			targetProxy = 9825A6CB1CFBF20D006533DB /* PBXContainerItemProxy */;
		};
		9825A6D71CFBF20D006533DB /* PBXTargetDependency */ = {
			isa = PBXTargetDependency;
			target = 9825A6B01CFBF20D006533DB /* pageControllDemo */;
			targetProxy = 9825A6D61CFBF20D006533DB /* PBXContainerItemProxy */;
		};
/* End PBXTargetDependency section */

/* Begin PBXVariantGroup section */
		9825A6BD1CFBF20D006533DB /* Main.storyboard */ = {
			isa = PBXVariantGroup;
			children = (
				9825A6BE1CFBF20D006533DB /* Base */,
			);
			name = Main.storyboard;
			sourceTree = "<group>";
		};
		9825A6C21CFBF20D006533DB /* LaunchScreen.storyboard */ = {
			isa = PBXVariantGroup;
			children = (
				9825A6C31CFBF20D006533DB /* Base */,
			);
			name = LaunchScreen.storyboard;
			sourceTree = "<group>";
		};
/* End PBXVariantGroup section */

/* Begin XCBuildConfiguration section */
		9825A6DC1CFBF20D006533DB /* Debug */ = {
			isa = XCBuildConfiguration;
			buildSettings = {
				ALWAYS_SEARCH_USER_PATHS = NO;
				CLANG_ANALYZER_NONNULL = YES;
				CLANG_CXX_LANGUAGE_STANDARD = "gnu++0x";
				CLANG_CXX_LIBRARY = "libc++";
				CLANG_ENABLE_MODULES = YES;
				CLANG_ENABLE_OBJC_ARC = YES;
				CLANG_WARN_BOOL_CONVERSION = YES;
				CLANG_WARN_CONSTANT_CONVERSION = YES;
				CLANG_WARN_DIRECT_OBJC_ISA_USAGE = YES_ERROR;
				CLANG_WARN_EMPTY_BODY = YES;
				CLANG_WARN_ENUM_CONVERSION = YES;
				CLANG_WARN_INT_CONVERSION = YES;
				CLANG_WARN_OBJC_ROOT_CLASS = YES_ERROR;
				CLANG_WARN_UNREACHABLE_CODE = YES;
				CLANG_WARN__DUPLICATE_METHOD_MATCH = YES;
				"CODE_SIGN_IDENTITY[sdk=iphoneos*]" = "iPhone Developer";
				COPY_PHASE_STRIP = NO;
				DEBUG_INFORMATION_FORMAT = dwarf;
				ENABLE_STRICT_OBJC_MSGSEND = YES;
				ENABLE_TESTABILITY = YES;
				GCC_C_LANGUAGE_STANDARD = gnu99;
				GCC_DYNAMIC_NO_PIC = NO;
				GCC_NO_COMMON_BLOCKS = YES;
				GCC_OPTIMIZATION_LEVEL = 0;
				GCC_PREPROCESSOR_DEFINITIONS = (
					"DEBUG=1",
					"$(inherited)",
				);
				GCC_WARN_64_TO_32_BIT_CONVERSION = YES;
				GCC_WARN_ABOUT_RETURN_TYPE = YES_ERROR;
				GCC_WARN_UNDECLARED_SELECTOR = YES;
				GCC_WARN_UNINITIALIZED_AUTOS = YES_AGGRESSIVE;
				GCC_WARN_UNUSED_FUNCTION = YES;
				GCC_WARN_UNUSED_VARIABLE = YES;
				IPHONEOS_DEPLOYMENT_TARGET = 9.3;
				MTL_ENABLE_DEBUG_INFO = YES;
				ONLY_ACTIVE_ARCH = YES;
				SDKROOT = iphoneos;
			};
			name = Debug;
		};
		9825A6DD1CFBF20D006533DB /* Release */ = {
			isa = XCBuildConfiguration;
			buildSettings = {
				ALWAYS_SEARCH_USER_PATHS = NO;
				CLANG_ANALYZER_NONNULL = YES;
				CLANG_CXX_LANGUAGE_STANDARD = "gnu++0x";
				CLANG_CXX_LIBRARY = "libc++";
				CLANG_ENABLE_MODULES = YES;
				CLANG_ENABLE_OBJC_ARC = YES;
				CLANG_WARN_BOOL_CONVERSION = YES;
				CLANG_WARN_CONSTANT_CONVERSION = YES;
				CLANG_WARN_DIRECT_OBJC_ISA_USAGE = YES_ERROR;
				CLANG_WARN_EMPTY_BODY = YES;
				CLANG_WARN_ENUM_CONVERSION = YES;
				CLANG_WARN_INT_CONVERSION = YES;
				CLANG_WARN_OBJC_ROOT_CLASS = YES_ERROR;
				CLANG_WARN_UNREACHABLE_CODE = YES;
				CLANG_WARN__DUPLICATE_METHOD_MATCH = YES;
				"CODE_SIGN_IDENTITY[sdk=iphoneos*]" = "iPhone Developer";
				COPY_PHASE_STRIP = NO;
				DEBUG_INFORMATION_FORMAT = "dwarf-with-dsym";
				ENABLE_NS_ASSERTIONS = NO;
				ENABLE_STRICT_OBJC_MSGSEND = YES;
				GCC_C_LANGUAGE_STANDARD = gnu99;
				GCC_NO_COMMON_BLOCKS = YES;
				GCC_WARN_64_TO_32_BIT_CONVERSION = YES;
				GCC_WARN_ABOUT_RETURN_TYPE = YES_ERROR;
				GCC_WARN_UNDECLARED_SELECTOR = YES;
				GCC_WARN_UNINITIALIZED_AUTOS = YES_AGGRESSIVE;
				GCC_WARN_UNUSED_FUNCTION = YES;
				GCC_WARN_UNUSED_VARIABLE = YES;
				IPHONEOS_DEPLOYMENT_TARGET = 9.3;
				MTL_ENABLE_DEBUG_INFO = NO;
				SDKROOT = iphoneos;
				VALIDATE_PRODUCT = YES;
			};
			name = Release;
		};
		9825A6DF1CFBF20D006533DB /* Debug */ = {
			isa = XCBuildConfiguration;
			buildSettings = {
				ASSETCATALOG_COMPILER_APPICON_NAME = AppIcon;
				INFOPLIST_FILE = pageControllDemo/Info.plist;
				LD_RUNPATH_SEARCH_PATHS = "$(inherited) @executable_path/Frameworks";
				PRODUCT_BUNDLE_IDENTIFIER = com.qfpay.com.pageControllDemo;
				PRODUCT_NAME = "$(TARGET_NAME)";
			};
			name = Debug;
		};
		9825A6E01CFBF20D006533DB /* Release */ = {
			isa = XCBuildConfiguration;
			buildSettings = {
				ASSETCATALOG_COMPILER_APPICON_NAME = AppIcon;
				INFOPLIST_FILE = pageControllDemo/Info.plist;
				LD_RUNPATH_SEARCH_PATHS = "$(inherited) @executable_path/Frameworks";
				PRODUCT_BUNDLE_IDENTIFIER = com.qfpay.com.pageControllDemo;
				PRODUCT_NAME = "$(TARGET_NAME)";
			};
			name = Release;
		};
		9825A6E21CFBF20D006533DB /* Debug */ = {
			isa = XCBuildConfiguration;
			buildSettings = {
				BUNDLE_LOADER = "$(TEST_HOST)";
				INFOPLIST_FILE = pageControllDemoTests/Info.plist;
				LD_RUNPATH_SEARCH_PATHS = "$(inherited) @executable_path/Frameworks @loader_path/Frameworks";
				PRODUCT_BUNDLE_IDENTIFIER = com.qfpay.com.pageControllDemoTests;
				PRODUCT_NAME = "$(TARGET_NAME)";
				TEST_HOST = "$(BUILT_PRODUCTS_DIR)/pageControllDemo.app/pageControllDemo";
			};
			name = Debug;
		};
		9825A6E31CFBF20D006533DB /* Release */ = {
			isa = XCBuildConfiguration;
			buildSettings = {
				BUNDLE_LOADER = "$(TEST_HOST)";
				INFOPLIST_FILE = pageControllDemoTests/Info.plist;
				LD_RUNPATH_SEARCH_PATHS = "$(inherited) @executable_path/Frameworks @loader_path/Frameworks";
				PRODUCT_BUNDLE_IDENTIFIER = com.qfpay.com.pageControllDemoTests;
				PRODUCT_NAME = "$(TARGET_NAME)";
				TEST_HOST = "$(BUILT_PRODUCTS_DIR)/pageControllDemo.app/pageControllDemo";
			};
			name = Release;
		};
		9825A6E51CFBF20D006533DB /* Debug */ = {
			isa = XCBuildConfiguration;
			buildSettings = {
				INFOPLIST_FILE = pageControllDemoUITests/Info.plist;
				LD_RUNPATH_SEARCH_PATHS = "$(inherited) @executable_path/Frameworks @loader_path/Frameworks";
				PRODUCT_BUNDLE_IDENTIFIER = com.qfpay.com.pageControllDemoUITests;
				PRODUCT_NAME = "$(TARGET_NAME)";
				TEST_TARGET_NAME = pageControllDemo;
			};
			name = Debug;
		};
		9825A6E61CFBF20D006533DB /* Release */ = {
			isa = XCBuildConfiguration;
			buildSettings = {
				INFOPLIST_FILE = pageControllDemoUITests/Info.plist;
				LD_RUNPATH_SEARCH_PATHS = "$(inherited) @executable_path/Frameworks @loader_path/Frameworks";
				PRODUCT_BUNDLE_IDENTIFIER = com.qfpay.com.pageControllDemoUITests;
				PRODUCT_NAME = "$(TARGET_NAME)";
				TEST_TARGET_NAME = pageControllDemo;
			};
			name = Release;
		};
/* End XCBuildConfiguration section */

/* Begin XCConfigurationList section */
		9825A6AC1CFBF20D006533DB /* Build configuration list for PBXProject "pageControllDemo" */ = {
			isa = XCConfigurationList;
			buildConfigurations = (
				9825A6DC1CFBF20D006533DB /* Debug */,
				9825A6DD1CFBF20D006533DB /* Release */,
			);
			defaultConfigurationIsVisible = 0;
			defaultConfigurationName = Release;
		};
		9825A6DE1CFBF20D006533DB /* Build configuration list for PBXNativeTarget "pageControllDemo" */ = {
			isa = XCConfigurationList;
			buildConfigurations = (
				9825A6DF1CFBF20D006533DB /* Debug */,
				9825A6E01CFBF20D006533DB /* Release */,
			);
			defaultConfigurationIsVisible = 0;
		};
		9825A6E11CFBF20D006533DB /* Build configuration list for PBXNativeTarget "pageControllDemoTests" */ = {
			isa = XCConfigurationList;
			buildConfigurations = (
				9825A6E21CFBF20D006533DB /* Debug */,
				9825A6E31CFBF20D006533DB /* Release */,
			);
			defaultConfigurationIsVisible = 0;
		};
		9825A6E41CFBF20D006533DB /* Build configuration list for PBXNativeTarget "pageControllDemoUITests" */ = {
			isa = XCConfigurationList;
			buildConfigurations = (
				9825A6E51CFBF20D006533DB /* Debug */,
				9825A6E61CFBF20D006533DB /* Release */,
			);
			defaultConfigurationIsVisible = 0;
		};
/* End XCConfigurationList section */
	};
	rootObject = 9825A6A91CFBF20D006533DB /* Project object */;
}
